// !$*UTF8*$!
{
	archiveVersion = 1;
	classes = {
	};
	objectVersion = 77;
	objects = {

/* Begin PBXContainerItemProxy section */
		1F1084FD2D106CF1001147D0 /* PBXContainerItemProxy */ = {
			isa = PBXContainerItemProxy;
			containerPortal = 1F1084E22D106CF0001147D0 /* Project object */;
			proxyType = 1;
			remoteGlobalIDString = 1F1084E92D106CF0001147D0;
			remoteInfo = Daily5English;
		};
		1F1085072D106CF1001147D0 /* PBXContainerItemProxy */ = {
			isa = PBXContainerItemProxy;
			containerPortal = 1F1084E22D106CF0001147D0 /* Project object */;
			proxyType = 1;
			remoteGlobalIDString = 1F1084E92D106CF0001147D0;
			remoteInfo = Daily5English;
		};
/* End PBXContainerItemProxy section */

/* Begin PBXFileReference section */
		1F1084EA2D106CF0001147D0 /* Production.app */ = {isa = PBXFileReference; explicitFileType = wrapper.application; includeInIndex = 0; path = Production.app; sourceTree = BUILT_PRODUCTS_DIR; };
		1F1084FC2D106CF1001147D0 /* Daily5EnglishTests.xctest */ = {isa = PBXFileReference; explicitFileType = wrapper.cfbundle; includeInIndex = 0; path = Daily5EnglishTests.xctest; sourceTree = BUILT_PRODUCTS_DIR; };
		1F1085062D106CF1001147D0 /* Daily5EnglishUITests.xctest */ = {isa = PBXFileReference; explicitFileType = wrapper.cfbundle; includeInIndex = 0; path = Daily5EnglishUITests.xctest; sourceTree = BUILT_PRODUCTS_DIR; };
		1FC5DB1E2D11D51A005299C4 /* Development.app */ = {isa = PBXFileReference; explicitFileType = wrapper.application; includeInIndex = 0; path = Development.app; sourceTree = BUILT_PRODUCTS_DIR; };
/* End PBXFileReference section */

/* Begin PBXFileSystemSynchronizedBuildFileExceptionSet section */
		1FC5DB122D11A902005299C4 /* Exceptions for "Daily5English" folder in "Production" target */ = {
			isa = PBXFileSystemSynchronizedBuildFileExceptionSet;
			membershipExceptions = (
				Resources/Info_plist/Production.plist,
				Resources/Info_plist/Users/minseong/Projects/Daily5English/Daily5English/Resources/Info_plist/Development.plist,
			);
			target = 1F1084E92D106CF0001147D0 /* Production */;
		};
		1FC5DB202D11D51A005299C4 /* Exceptions for "Daily5English" folder in "Development" target */ = {
			isa = PBXFileSystemSynchronizedBuildFileExceptionSet;
			membershipExceptions = (
				Assets.xcassets,
				Core/DesignSystem/Colors.swift,
				Core/DesignSystem/Components/DSButton.swift,
				Core/DesignSystem/Components/DSCard.swift,
				Core/DesignSystem/Components/DSGauge.swift,
				Core/DesignSystem/Components/DSTextField.swift,
				Core/DesignSystem/Spacing.swift,
				Core/DesignSystem/Typography.swift,
				"Core/Extensions/View+Extension.swift",
				Core/Utils/Constants.swift,
				Daily5EnglishApp.swift,
				Data/DataSources/WordDataSource.swift,
				Data/Repositories/DefaultWordRepository.swift,
				Domain/Entities/LearningStatus.swift,
				Domain/Entities/Word.swift,
				Domain/Interfaces/WordRepository.swift,
				Domain/UseCases/WordUseCase.swift,
				Presentation/Components/WordCard.swift,
				Presentation/Views/Home/HomeView.swift,
				Presentation/Views/Home/HomeViewModel.swift,
				Presentation/Views/Main/MainTabView.swift,
				Presentation/Views/Profile/ProfileView.swift,
				Presentation/Views/WordBook/WordBookView.swift,
				Presentation/Views/WordBook/WordBookViewModel.swift,
				"Preview Content/Preview Assets.xcassets",
				"Resources/Fonts/Pretendard-Bold.otf",
				"Resources/Fonts/Pretendard-ExtraBold.otf",
				"Resources/Fonts/Pretendard-Light.otf",
				"Resources/Fonts/Pretendard-Medium.otf",
				"Resources/Fonts/Pretendard-Regular.otf",
				"Resources/Fonts/Pretendard-SemiBold.otf",
				Resources/Info_plist/Production.plist,
				Resources/Info_plist/Users/minseong/Projects/Daily5English/Daily5English/Resources/Info_plist/Development.plist,
			);
			target = 1FC5DB172D11D51A005299C4 /* Development */;
		};
/* End PBXFileSystemSynchronizedBuildFileExceptionSet section */

/* Begin PBXFileSystemSynchronizedRootGroup section */
		1F1084EC2D106CF0001147D0 /* Daily5English */ = {
			isa = PBXFileSystemSynchronizedRootGroup;
			exceptions = (
				1FC5DB122D11A902005299C4 /* Exceptions for "Daily5English" folder in "Production" target */,
				1FC5DB202D11D51A005299C4 /* Exceptions for "Daily5English" folder in "Development" target */,
			);
			path = Daily5English;
			sourceTree = "<group>";
		};
		1F1084FF2D106CF1001147D0 /* Daily5EnglishTests */ = {
			isa = PBXFileSystemSynchronizedRootGroup;
			path = Daily5EnglishTests;
			sourceTree = "<group>";
		};
		1F1085092D106CF1001147D0 /* Daily5EnglishUITests */ = {
			isa = PBXFileSystemSynchronizedRootGroup;
			path = Daily5EnglishUITests;
			sourceTree = "<group>";
		};
/* End PBXFileSystemSynchronizedRootGroup section */

/* Begin PBXFrameworksBuildPhase section */
		1F1084E72D106CF0001147D0 /* Frameworks */ = {
			isa = PBXFrameworksBuildPhase;
			buildActionMask = 2147483647;
			files = (
			);
			runOnlyForDeploymentPostprocessing = 0;
		};
		1F1084F92D106CF1001147D0 /* Frameworks */ = {
			isa = PBXFrameworksBuildPhase;
			buildActionMask = 2147483647;
			files = (
			);
			runOnlyForDeploymentPostprocessing = 0;
		};
		1F1085032D106CF1001147D0 /* Frameworks */ = {
			isa = PBXFrameworksBuildPhase;
			buildActionMask = 2147483647;
			files = (
			);
			runOnlyForDeploymentPostprocessing = 0;
		};
		1FC5DB192D11D51A005299C4 /* Frameworks */ = {
			isa = PBXFrameworksBuildPhase;
			buildActionMask = 2147483647;
			files = (
			);
			runOnlyForDeploymentPostprocessing = 0;
		};
/* End PBXFrameworksBuildPhase section */

/* Begin PBXGroup section */
		1F1084E12D106CF0001147D0 = {
			isa = PBXGroup;
			children = (
				1F1084EC2D106CF0001147D0 /* Daily5English */,
				1F1084FF2D106CF1001147D0 /* Daily5EnglishTests */,
				1F1085092D106CF1001147D0 /* Daily5EnglishUITests */,
				1F1084EB2D106CF0001147D0 /* Products */,
			);
			sourceTree = "<group>";
		};
		1F1084EB2D106CF0001147D0 /* Products */ = {
			isa = PBXGroup;
			children = (
				1F1084EA2D106CF0001147D0 /* Production.app */,
				1F1084FC2D106CF1001147D0 /* Daily5EnglishTests.xctest */,
				1F1085062D106CF1001147D0 /* Daily5EnglishUITests.xctest */,
				1FC5DB1E2D11D51A005299C4 /* Development.app */,
			);
			name = Products;
			sourceTree = "<group>";
		};
/* End PBXGroup section */

/* Begin PBXNativeTarget section */
		1F1084E92D106CF0001147D0 /* Production */ = {
			isa = PBXNativeTarget;
			buildConfigurationList = 1F1085102D106CF1001147D0 /* Build configuration list for PBXNativeTarget "Production" */;
			buildPhases = (
				1F1084E62D106CF0001147D0 /* Sources */,
				1F1084E72D106CF0001147D0 /* Frameworks */,
				1F1084E82D106CF0001147D0 /* Resources */,
			);
			buildRules = (
			);
			dependencies = (
			);
			fileSystemSynchronizedGroups = (
				1F1084EC2D106CF0001147D0 /* Daily5English */,
			);
			name = Production;
			packageProductDependencies = (
			);
			productName = Daily5English;
			productReference = 1F1084EA2D106CF0001147D0 /* Production.app */;
			productType = "com.apple.product-type.application";
		};
		1F1084FB2D106CF1001147D0 /* Daily5EnglishTests */ = {
			isa = PBXNativeTarget;
			buildConfigurationList = 1F1085132D106CF1001147D0 /* Build configuration list for PBXNativeTarget "Daily5EnglishTests" */;
			buildPhases = (
				1F1084F82D106CF1001147D0 /* Sources */,
				1F1084F92D106CF1001147D0 /* Frameworks */,
				1F1084FA2D106CF1001147D0 /* Resources */,
			);
			buildRules = (
			);
			dependencies = (
				1F1084FE2D106CF1001147D0 /* PBXTargetDependency */,
			);
			fileSystemSynchronizedGroups = (
				1F1084FF2D106CF1001147D0 /* Daily5EnglishTests */,
			);
			name = Daily5EnglishTests;
			packageProductDependencies = (
			);
			productName = Daily5EnglishTests;
			productReference = 1F1084FC2D106CF1001147D0 /* Daily5EnglishTests.xctest */;
			productType = "com.apple.product-type.bundle.unit-test";
		};
		1F1085052D106CF1001147D0 /* Daily5EnglishUITests */ = {
			isa = PBXNativeTarget;
			buildConfigurationList = 1F1085162D106CF1001147D0 /* Build configuration list for PBXNativeTarget "Daily5EnglishUITests" */;
			buildPhases = (
				1F1085022D106CF1001147D0 /* Sources */,
				1F1085032D106CF1001147D0 /* Frameworks */,
				1F1085042D106CF1001147D0 /* Resources */,
			);
			buildRules = (
			);
			dependencies = (
				1F1085082D106CF1001147D0 /* PBXTargetDependency */,
			);
			fileSystemSynchronizedGroups = (
				1F1085092D106CF1001147D0 /* Daily5EnglishUITests */,
			);
			name = Daily5EnglishUITests;
			packageProductDependencies = (
			);
			productName = Daily5EnglishUITests;
			productReference = 1F1085062D106CF1001147D0 /* Daily5EnglishUITests.xctest */;
			productType = "com.apple.product-type.bundle.ui-testing";
		};
		1FC5DB172D11D51A005299C4 /* Development */ = {
			isa = PBXNativeTarget;
			buildConfigurationList = 1FC5DB1B2D11D51A005299C4 /* Build configuration list for PBXNativeTarget "Development" */;
			buildPhases = (
				1FC5DB182D11D51A005299C4 /* Sources */,
				1FC5DB192D11D51A005299C4 /* Frameworks */,
				1FC5DB1A2D11D51A005299C4 /* Resources */,
			);
			buildRules = (
			);
			dependencies = (
			);
			fileSystemSynchronizedGroups = (
				1F1084EC2D106CF0001147D0 /* Daily5English */,
			);
			name = Development;
			packageProductDependencies = (
			);
			productName = Daily5English;
			productReference = 1FC5DB1E2D11D51A005299C4 /* Development.app */;
			productType = "com.apple.product-type.application";
		};
/* End PBXNativeTarget section */

/* Begin PBXProject section */
		1F1084E22D106CF0001147D0 /* Project object */ = {
			isa = PBXProject;
			attributes = {
				BuildIndependentTargetsInParallel = 1;
				LastSwiftUpdateCheck = 1610;
				LastUpgradeCheck = 1610;
				TargetAttributes = {
					1F1084E92D106CF0001147D0 = {
						CreatedOnToolsVersion = 16.1;
					};
					1F1084FB2D106CF1001147D0 = {
						CreatedOnToolsVersion = 16.1;
						TestTargetID = 1F1084E92D106CF0001147D0;
					};
					1F1085052D106CF1001147D0 = {
						CreatedOnToolsVersion = 16.1;
						TestTargetID = 1F1084E92D106CF0001147D0;
					};
				};
			};
			buildConfigurationList = 1F1084E52D106CF0001147D0 /* Build configuration list for PBXProject "Daily5English" */;
			developmentRegion = en;
			hasScannedForEncodings = 0;
			knownRegions = (
				en,
				Base,
			);
			mainGroup = 1F1084E12D106CF0001147D0;
			minimizedProjectReferenceProxies = 1;
			preferredProjectObjectVersion = 77;
			productRefGroup = 1F1084EB2D106CF0001147D0 /* Products */;
			projectDirPath = "";
			projectRoot = "";
			targets = (
				1F1084E92D106CF0001147D0 /* Production */,
				1FC5DB172D11D51A005299C4 /* Development */,
				1F1084FB2D106CF1001147D0 /* Daily5EnglishTests */,
				1F1085052D106CF1001147D0 /* Daily5EnglishUITests */,
			);
		};
/* End PBXProject section */

/* Begin PBXResourcesBuildPhase section */
		1F1084E82D106CF0001147D0 /* Resources */ = {
			isa = PBXResourcesBuildPhase;
			buildActionMask = 2147483647;
			files = (
			);
			runOnlyForDeploymentPostprocessing = 0;
		};
		1F1084FA2D106CF1001147D0 /* Resources */ = {
			isa = PBXResourcesBuildPhase;
			buildActionMask = 2147483647;
			files = (
			);
			runOnlyForDeploymentPostprocessing = 0;
		};
		1F1085042D106CF1001147D0 /* Resources */ = {
			isa = PBXResourcesBuildPhase;
			buildActionMask = 2147483647;
			files = (
			);
			runOnlyForDeploymentPostprocessing = 0;
		};
		1FC5DB1A2D11D51A005299C4 /* Resources */ = {
			isa = PBXResourcesBuildPhase;
			buildActionMask = 2147483647;
			files = (
			);
			runOnlyForDeploymentPostprocessing = 0;
		};
/* End PBXResourcesBuildPhase section */

/* Begin PBXSourcesBuildPhase section */
		1F1084E62D106CF0001147D0 /* Sources */ = {
			isa = PBXSourcesBuildPhase;
			buildActionMask = 2147483647;
			files = (
			);
			runOnlyForDeploymentPostprocessing = 0;
		};
		1F1084F82D106CF1001147D0 /* Sources */ = {
			isa = PBXSourcesBuildPhase;
			buildActionMask = 2147483647;
			files = (
			);
			runOnlyForDeploymentPostprocessing = 0;
		};
		1F1085022D106CF1001147D0 /* Sources */ = {
			isa = PBXSourcesBuildPhase;
			buildActionMask = 2147483647;
			files = (
			);
			runOnlyForDeploymentPostprocessing = 0;
		};
		1FC5DB182D11D51A005299C4 /* Sources */ = {
			isa = PBXSourcesBuildPhase;
			buildActionMask = 2147483647;
			files = (
			);
			runOnlyForDeploymentPostprocessing = 0;
		};
/* End PBXSourcesBuildPhase section */

/* Begin PBXTargetDependency section */
		1F1084FE2D106CF1001147D0 /* PBXTargetDependency */ = {
			isa = PBXTargetDependency;
			target = 1F1084E92D106CF0001147D0 /* Production */;
			targetProxy = 1F1084FD2D106CF1001147D0 /* PBXContainerItemProxy */;
		};
		1F1085082D106CF1001147D0 /* PBXTargetDependency */ = {
			isa = PBXTargetDependency;
			target = 1F1084E92D106CF0001147D0 /* Production */;
			targetProxy = 1F1085072D106CF1001147D0 /* PBXContainerItemProxy */;
		};
/* End PBXTargetDependency section */

/* Begin XCBuildConfiguration section */
		1F10850E2D106CF1001147D0 /* Debug */ = {
			isa = XCBuildConfiguration;
			buildSettings = {
				ALWAYS_SEARCH_USER_PATHS = NO;
				ASSETCATALOG_COMPILER_GENERATE_SWIFT_ASSET_SYMBOL_EXTENSIONS = YES;
				CLANG_ANALYZER_NONNULL = YES;
				CLANG_ANALYZER_NUMBER_OBJECT_CONVERSION = YES_AGGRESSIVE;
				CLANG_CXX_LANGUAGE_STANDARD = "gnu++20";
				CLANG_ENABLE_MODULES = YES;
				CLANG_ENABLE_OBJC_ARC = YES;
				CLANG_ENABLE_OBJC_WEAK = YES;
				CLANG_WARN_BLOCK_CAPTURE_AUTORELEASING = YES;
				CLANG_WARN_BOOL_CONVERSION = YES;
				CLANG_WARN_COMMA = YES;
				CLANG_WARN_CONSTANT_CONVERSION = YES;
				CLANG_WARN_DEPRECATED_OBJC_IMPLEMENTATIONS = YES;
				CLANG_WARN_DIRECT_OBJC_ISA_USAGE = YES_ERROR;
				CLANG_WARN_DOCUMENTATION_COMMENTS = YES;
				CLANG_WARN_EMPTY_BODY = YES;
				CLANG_WARN_ENUM_CONVERSION = YES;
				CLANG_WARN_INFINITE_RECURSION = YES;
				CLANG_WARN_INT_CONVERSION = YES;
				CLANG_WARN_NON_LITERAL_NULL_CONVERSION = YES;
				CLANG_WARN_OBJC_IMPLICIT_RETAIN_SELF = YES;
				CLANG_WARN_OBJC_LITERAL_CONVERSION = YES;
				CLANG_WARN_OBJC_ROOT_CLASS = YES_ERROR;
				CLANG_WARN_QUOTED_INCLUDE_IN_FRAMEWORK_HEADER = YES;
				CLANG_WARN_RANGE_LOOP_ANALYSIS = YES;
				CLANG_WARN_STRICT_PROTOTYPES = YES;
				CLANG_WARN_SUSPICIOUS_MOVE = YES;
				CLANG_WARN_UNGUARDED_AVAILABILITY = YES_AGGRESSIVE;
				CLANG_WARN_UNREACHABLE_CODE = YES;
				CLANG_WARN__DUPLICATE_METHOD_MATCH = YES;
				COPY_PHASE_STRIP = NO;
				DEBUG_INFORMATION_FORMAT = dwarf;
				ENABLE_STRICT_OBJC_MSGSEND = YES;
				ENABLE_TESTABILITY = YES;
				ENABLE_USER_SCRIPT_SANDBOXING = YES;
				GCC_C_LANGUAGE_STANDARD = gnu17;
				GCC_DYNAMIC_NO_PIC = NO;
				GCC_NO_COMMON_BLOCKS = YES;
				GCC_OPTIMIZATION_LEVEL = 0;
				GCC_PREPROCESSOR_DEFINITIONS = (
					"DEBUG=1",
					"$(inherited)",
				);
				GCC_WARN_64_TO_32_BIT_CONVERSION = YES;
				GCC_WARN_ABOUT_RETURN_TYPE = YES_ERROR;
				GCC_WARN_UNDECLARED_SELECTOR = YES;
				GCC_WARN_UNINITIALIZED_AUTOS = YES_AGGRESSIVE;
				GCC_WARN_UNUSED_FUNCTION = YES;
				GCC_WARN_UNUSED_VARIABLE = YES;
				IPHONEOS_DEPLOYMENT_TARGET = 18.1;
				LOCALIZATION_PREFERS_STRING_CATALOGS = YES;
				MTL_ENABLE_DEBUG_INFO = INCLUDE_SOURCE;
				MTL_FAST_MATH = YES;
				ONLY_ACTIVE_ARCH = YES;
				SDKROOT = iphoneos;
				SWIFT_ACTIVE_COMPILATION_CONDITIONS = "DEBUG $(inherited)";
				SWIFT_OPTIMIZATION_LEVEL = "-Onone";
			};
			name = Debug;
		};
		1F10850F2D106CF1001147D0 /* Release */ = {
			isa = XCBuildConfiguration;
			buildSettings = {
				ALWAYS_SEARCH_USER_PATHS = NO;
				ASSETCATALOG_COMPILER_GENERATE_SWIFT_ASSET_SYMBOL_EXTENSIONS = YES;
				CLANG_ANALYZER_NONNULL = YES;
				CLANG_ANALYZER_NUMBER_OBJECT_CONVERSION = YES_AGGRESSIVE;
				CLANG_CXX_LANGUAGE_STANDARD = "gnu++20";
				CLANG_ENABLE_MODULES = YES;
				CLANG_ENABLE_OBJC_ARC = YES;
				CLANG_ENABLE_OBJC_WEAK = YES;
				CLANG_WARN_BLOCK_CAPTURE_AUTORELEASING = YES;
				CLANG_WARN_BOOL_CONVERSION = YES;
				CLANG_WARN_COMMA = YES;
				CLANG_WARN_CONSTANT_CONVERSION = YES;
				CLANG_WARN_DEPRECATED_OBJC_IMPLEMENTATIONS = YES;
				CLANG_WARN_DIRECT_OBJC_ISA_USAGE = YES_ERROR;
				CLANG_WARN_DOCUMENTATION_COMMENTS = YES;
				CLANG_WARN_EMPTY_BODY = YES;
				CLANG_WARN_ENUM_CONVERSION = YES;
				CLANG_WARN_INFINITE_RECURSION = YES;
				CLANG_WARN_INT_CONVERSION = YES;
				CLANG_WARN_NON_LITERAL_NULL_CONVERSION = YES;
				CLANG_WARN_OBJC_IMPLICIT_RETAIN_SELF = YES;
				CLANG_WARN_OBJC_LITERAL_CONVERSION = YES;
				CLANG_WARN_OBJC_ROOT_CLASS = YES_ERROR;
				CLANG_WARN_QUOTED_INCLUDE_IN_FRAMEWORK_HEADER = YES;
				CLANG_WARN_RANGE_LOOP_ANALYSIS = YES;
				CLANG_WARN_STRICT_PROTOTYPES = YES;
				CLANG_WARN_SUSPICIOUS_MOVE = YES;
				CLANG_WARN_UNGUARDED_AVAILABILITY = YES_AGGRESSIVE;
				CLANG_WARN_UNREACHABLE_CODE = YES;
				CLANG_WARN__DUPLICATE_METHOD_MATCH = YES;
				COPY_PHASE_STRIP = NO;
				DEBUG_INFORMATION_FORMAT = "dwarf-with-dsym";
				ENABLE_NS_ASSERTIONS = NO;
				ENABLE_STRICT_OBJC_MSGSEND = YES;
				ENABLE_USER_SCRIPT_SANDBOXING = YES;
				GCC_C_LANGUAGE_STANDARD = gnu17;
				GCC_NO_COMMON_BLOCKS = YES;
				GCC_WARN_64_TO_32_BIT_CONVERSION = YES;
				GCC_WARN_ABOUT_RETURN_TYPE = YES_ERROR;
				GCC_WARN_UNDECLARED_SELECTOR = YES;
				GCC_WARN_UNINITIALIZED_AUTOS = YES_AGGRESSIVE;
				GCC_WARN_UNUSED_FUNCTION = YES;
				GCC_WARN_UNUSED_VARIABLE = YES;
				IPHONEOS_DEPLOYMENT_TARGET = 18.1;
				LOCALIZATION_PREFERS_STRING_CATALOGS = YES;
				MTL_ENABLE_DEBUG_INFO = NO;
				MTL_FAST_MATH = YES;
				SDKROOT = iphoneos;
				SWIFT_COMPILATION_MODE = wholemodule;
				VALIDATE_PRODUCT = YES;
			};
			name = Release;
		};
		1F1085112D106CF1001147D0 /* Debug */ = {
			isa = XCBuildConfiguration;
			buildSettings = {
				ASSETCATALOG_COMPILER_APPICON_NAME = AppIcon;
				ASSETCATALOG_COMPILER_GLOBAL_ACCENT_COLOR_NAME = AccentColor;
				CODE_SIGN_STYLE = Automatic;
				CURRENT_PROJECT_VERSION = 1;
				DEVELOPMENT_ASSET_PATHS = "\"Daily5English/Preview Content\"";
				DEVELOPMENT_TEAM = G3RC7ALRKZ;
				ENABLE_PREVIEWS = YES;
				GENERATE_INFOPLIST_FILE = YES;
				INFOPLIST_FILE = Daily5English/Resources/Info_plist/Production.plist;
				INFOPLIST_KEY_UIApplicationSceneManifest_Generation = YES;
				INFOPLIST_KEY_UIApplicationSupportsIndirectInputEvents = YES;
				INFOPLIST_KEY_UILaunchScreen_Generation = YES;
				INFOPLIST_KEY_UISupportedInterfaceOrientations_iPad = "UIInterfaceOrientationPortrait UIInterfaceOrientationPortraitUpsideDown UIInterfaceOrientationLandscapeLeft UIInterfaceOrientationLandscapeRight";
				INFOPLIST_KEY_UISupportedInterfaceOrientations_iPhone = "UIInterfaceOrientationPortrait UIInterfaceOrientationLandscapeLeft UIInterfaceOrientationLandscapeRight";
				IPHONEOS_DEPLOYMENT_TARGET = 17.6;
				LD_RUNPATH_SEARCH_PATHS = (
					"$(inherited)",
					"@executable_path/Frameworks",
				);
				MARKETING_VERSION = 1.0;
				PRODUCT_BUNDLE_IDENTIFIER = com.msdev.Daily5English;
				PRODUCT_NAME = "$(TARGET_NAME)";
				SWIFT_EMIT_LOC_STRINGS = YES;
				SWIFT_VERSION = 5.0;
				TARGETED_DEVICE_FAMILY = "1,2";
			};
			name = Debug;
		};
		1F1085122D106CF1001147D0 /* Release */ = {
			isa = XCBuildConfiguration;
			buildSettings = {
				ASSETCATALOG_COMPILER_APPICON_NAME = AppIcon;
				ASSETCATALOG_COMPILER_GLOBAL_ACCENT_COLOR_NAME = AccentColor;
				CODE_SIGN_STYLE = Automatic;
				CURRENT_PROJECT_VERSION = 1;
				DEVELOPMENT_ASSET_PATHS = "\"Daily5English/Preview Content\"";
				DEVELOPMENT_TEAM = G3RC7ALRKZ;
				ENABLE_PREVIEWS = YES;
				GENERATE_INFOPLIST_FILE = YES;
				INFOPLIST_FILE = Daily5English/Resources/Info_plist/Production.plist;
				INFOPLIST_KEY_UIApplicationSceneManifest_Generation = YES;
				INFOPLIST_KEY_UIApplicationSupportsIndirectInputEvents = YES;
				INFOPLIST_KEY_UILaunchScreen_Generation = YES;
				INFOPLIST_KEY_UISupportedInterfaceOrientations_iPad = "UIInterfaceOrientationPortrait UIInterfaceOrientationPortraitUpsideDown UIInterfaceOrientationLandscapeLeft UIInterfaceOrientationLandscapeRight";
				INFOPLIST_KEY_UISupportedInterfaceOrientations_iPhone = "UIInterfaceOrientationPortrait UIInterfaceOrientationLandscapeLeft UIInterfaceOrientationLandscapeRight";
				IPHONEOS_DEPLOYMENT_TARGET = 17.6;
				LD_RUNPATH_SEARCH_PATHS = (
					"$(inherited)",
					"@executable_path/Frameworks",
				);
				MARKETING_VERSION = 1.0;
				PRODUCT_BUNDLE_IDENTIFIER = com.msdev.Daily5English;
				PRODUCT_NAME = "$(TARGET_NAME)";
				SWIFT_EMIT_LOC_STRINGS = YES;
				SWIFT_VERSION = 5.0;
				TARGETED_DEVICE_FAMILY = "1,2";
			};
			name = Release;
		};
		1F1085142D106CF1001147D0 /* Debug */ = {
			isa = XCBuildConfiguration;
			buildSettings = {
				BUNDLE_LOADER = "$(TEST_HOST)";
				CODE_SIGN_STYLE = Automatic;
				CURRENT_PROJECT_VERSION = 1;
				DEVELOPMENT_TEAM = G3RC7ALRKZ;
				GENERATE_INFOPLIST_FILE = YES;
				IPHONEOS_DEPLOYMENT_TARGET = 18.1;
				MARKETING_VERSION = 1.0;
				PRODUCT_BUNDLE_IDENTIFIER = com.msdev.Daily5EnglishTests;
				PRODUCT_NAME = "$(TARGET_NAME)";
				SWIFT_EMIT_LOC_STRINGS = NO;
				SWIFT_VERSION = 5.0;
				TARGETED_DEVICE_FAMILY = "1,2";
				TEST_HOST = "$(BUILT_PRODUCTS_DIR)/Daily5English.app/$(BUNDLE_EXECUTABLE_FOLDER_PATH)/Daily5English";
			};
			name = Debug;
		};
		1F1085152D106CF1001147D0 /* Release */ = {
			isa = XCBuildConfiguration;
			buildSettings = {
				BUNDLE_LOADER = "$(TEST_HOST)";
				CODE_SIGN_STYLE = Automatic;
				CURRENT_PROJECT_VERSION = 1;
				DEVELOPMENT_TEAM = G3RC7ALRKZ;
				GENERATE_INFOPLIST_FILE = YES;
				IPHONEOS_DEPLOYMENT_TARGET = 18.1;
				MARKETING_VERSION = 1.0;
				PRODUCT_BUNDLE_IDENTIFIER = com.msdev.Daily5EnglishTests;
				PRODUCT_NAME = "$(TARGET_NAME)";
				SWIFT_EMIT_LOC_STRINGS = NO;
				SWIFT_VERSION = 5.0;
				TARGETED_DEVICE_FAMILY = "1,2";
				TEST_HOST = "$(BUILT_PRODUCTS_DIR)/Daily5English.app/$(BUNDLE_EXECUTABLE_FOLDER_PATH)/Daily5English";
			};
			name = Release;
		};
		1F1085172D106CF1001147D0 /* Debug */ = {
			isa = XCBuildConfiguration;
			buildSettings = {
				CODE_SIGN_STYLE = Automatic;
				CURRENT_PROJECT_VERSION = 1;
				DEVELOPMENT_TEAM = G3RC7ALRKZ;
				GENERATE_INFOPLIST_FILE = YES;
				MARKETING_VERSION = 1.0;
				PRODUCT_BUNDLE_IDENTIFIER = com.msdev.Daily5EnglishUITests;
				PRODUCT_NAME = "$(TARGET_NAME)";
				SWIFT_EMIT_LOC_STRINGS = NO;
				SWIFT_VERSION = 5.0;
				TARGETED_DEVICE_FAMILY = "1,2";
				TEST_TARGET_NAME = Daily5English;
			};
			name = Debug;
		};
		1F1085182D106CF1001147D0 /* Release */ = {
			isa = XCBuildConfiguration;
			buildSettings = {
				CODE_SIGN_STYLE = Automatic;
				CURRENT_PROJECT_VERSION = 1;
				DEVELOPMENT_TEAM = G3RC7ALRKZ;
				GENERATE_INFOPLIST_FILE = YES;
				MARKETING_VERSION = 1.0;
				PRODUCT_BUNDLE_IDENTIFIER = com.msdev.Daily5EnglishUITests;
				PRODUCT_NAME = "$(TARGET_NAME)";
				SWIFT_EMIT_LOC_STRINGS = NO;
				SWIFT_VERSION = 5.0;
				TARGETED_DEVICE_FAMILY = "1,2";
				TEST_TARGET_NAME = Daily5English;
			};
			name = Release;
		};
		1FC5DB1C2D11D51A005299C4 /* Debug */ = {
			isa = XCBuildConfiguration;
			buildSettings = {
				ASSETCATALOG_COMPILER_APPICON_NAME = AppIcon;
				ASSETCATALOG_COMPILER_GLOBAL_ACCENT_COLOR_NAME = AccentColor;
				CODE_SIGN_STYLE = Automatic;
				CURRENT_PROJECT_VERSION = 1;
				DEVELOPMENT_ASSET_PATHS = "\"Daily5English/Preview Content\"";
				DEVELOPMENT_TEAM = G3RC7ALRKZ;
				ENABLE_PREVIEWS = YES;
				GENERATE_INFOPLIST_FILE = YES;
				INFOPLIST_FILE = Daily5English/Resources/Info_plist/Development.plist;
				INFOPLIST_KEY_UIApplicationSceneManifest_Generation = YES;
				INFOPLIST_KEY_UIApplicationSupportsIndirectInputEvents = YES;
				INFOPLIST_KEY_UILaunchScreen_Generation = YES;
				INFOPLIST_KEY_UISupportedInterfaceOrientations_iPad = "UIInterfaceOrientationPortrait UIInterfaceOrientationPortraitUpsideDown UIInterfaceOrientationLandscapeLeft UIInterfaceOrientationLandscapeRight";
				INFOPLIST_KEY_UISupportedInterfaceOrientations_iPhone = "UIInterfaceOrientationPortrait UIInterfaceOrientationLandscapeLeft UIInterfaceOrientationLandscapeRight";
				IPHONEOS_DEPLOYMENT_TARGET = 17.6;
				LD_RUNPATH_SEARCH_PATHS = (
					"$(inherited)",
					"@executable_path/Frameworks",
				);
				MARKETING_VERSION = 1.0;
				PRODUCT_BUNDLE_IDENTIFIER = com.msdev.Daily5English;
				PRODUCT_NAME = "$(TARGET_NAME)";
				SWIFT_EMIT_LOC_STRINGS = YES;
				SWIFT_VERSION = 5.0;
				TARGETED_DEVICE_FAMILY = "1,2";
			};
			name = Debug;
		};
		1FC5DB1D2D11D51A005299C4 /* Release */ = {
			isa = XCBuildConfiguration;
			buildSettings = {
				ASSETCATALOG_COMPILER_APPICON_NAME = AppIcon;
				ASSETCATALOG_COMPILER_GLOBAL_ACCENT_COLOR_NAME = AccentColor;
				CODE_SIGN_STYLE = Automatic;
				CURRENT_PROJECT_VERSION = 1;
				DEVELOPMENT_ASSET_PATHS = "\"Daily5English/Preview Content\"";
				DEVELOPMENT_TEAM = G3RC7ALRKZ;
				ENABLE_PREVIEWS = YES;
				GENERATE_INFOPLIST_FILE = YES;
				INFOPLIST_FILE = Daily5English/Resources/Info_plist/Development.plist;
				INFOPLIST_KEY_UIApplicationSceneManifest_Generation = YES;
				INFOPLIST_KEY_UIApplicationSupportsIndirectInputEvents = YES;
				INFOPLIST_KEY_UILaunchScreen_Generation = YES;
				INFOPLIST_KEY_UISupportedInterfaceOrientations_iPad = "UIInterfaceOrientationPortrait UIInterfaceOrientationPortraitUpsideDown UIInterfaceOrientationLandscapeLeft UIInterfaceOrientationLandscapeRight";
				INFOPLIST_KEY_UISupportedInterfaceOrientations_iPhone = "UIInterfaceOrientationPortrait UIInterfaceOrientationLandscapeLeft UIInterfaceOrientationLandscapeRight";
				IPHONEOS_DEPLOYMENT_TARGET = 17.6;
				LD_RUNPATH_SEARCH_PATHS = (
					"$(inherited)",
					"@executable_path/Frameworks",
				);
				MARKETING_VERSION = 1.0;
				PRODUCT_BUNDLE_IDENTIFIER = com.msdev.Daily5English;
				PRODUCT_NAME = "$(TARGET_NAME)";
				SWIFT_EMIT_LOC_STRINGS = YES;
				SWIFT_VERSION = 5.0;
				TARGETED_DEVICE_FAMILY = "1,2";
			};
			name = Release;
		};
/* End XCBuildConfiguration section */

/* Begin XCConfigurationList section */
		1F1084E52D106CF0001147D0 /* Build configuration list for PBXProject "Daily5English" */ = {
			isa = XCConfigurationList;
			buildConfigurations = (
				1F10850E2D106CF1001147D0 /* Debug */,
				1F10850F2D106CF1001147D0 /* Release */,
			);
			defaultConfigurationIsVisible = 0;
			defaultConfigurationName = Release;
		};
		1F1085102D106CF1001147D0 /* Build configuration list for PBXNativeTarget "Production" */ = {
			isa = XCConfigurationList;
			buildConfigurations = (
				1F1085112D106CF1001147D0 /* Debug */,
				1F1085122D106CF1001147D0 /* Release */,
			);
			defaultConfigurationIsVisible = 0;
			defaultConfigurationName = Release;
		};
		1F1085132D106CF1001147D0 /* Build configuration list for PBXNativeTarget "Daily5EnglishTests" */ = {
			isa = XCConfigurationList;
			buildConfigurations = (
				1F1085142D106CF1001147D0 /* Debug */,
				1F1085152D106CF1001147D0 /* Release */,
			);
			defaultConfigurationIsVisible = 0;
			defaultConfigurationName = Release;
		};
		1F1085162D106CF1001147D0 /* Build configuration list for PBXNativeTarget "Daily5EnglishUITests" */ = {
			isa = XCConfigurationList;
			buildConfigurations = (
				1F1085172D106CF1001147D0 /* Debug */,
				1F1085182D106CF1001147D0 /* Release */,
			);
			defaultConfigurationIsVisible = 0;
			defaultConfigurationName = Release;
		};
		1FC5DB1B2D11D51A005299C4 /* Build configuration list for PBXNativeTarget "Development" */ = {
			isa = XCConfigurationList;
			buildConfigurations = (
				1FC5DB1C2D11D51A005299C4 /* Debug */,
				1FC5DB1D2D11D51A005299C4 /* Release */,
			);
			defaultConfigurationIsVisible = 0;
			defaultConfigurationName = Release;
		};
/* End XCConfigurationList section */
	};
	rootObject = 1F1084E22D106CF0001147D0 /* Project object */;
}
